
Microsoft Visual Studio Solution File, Format Version 12.00
# Visual Studio 15
VisualStudioVersion = 15.0.26228.4
MinimumVisualStudioVersion = 10.0.40219.1
Project("{FAE04EC0-301F-11D3-BF4B-00C04F79EFBC}") = "NabSku", "NabSku.csproj", "{F4297839-506F-4119-AB32-EF0757E4950D}"
EndProject
Project("{FAE04EC0-301F-11D3-BF4B-00C04F79EFBC}") = "NabSku.Test", "..\NabSku.Test\NabSku.Test.csproj", "{674E5924-23CC-4027-9E13-3311C92A919A}"
EndProject
Global
	GlobalSection(SolutionConfigurationPlatforms) = preSolution
		Debug|Any CPU = Debug|Any CPU
		Release|Any CPU = Release|Any CPU
	EndGlobalSection
	GlobalSection(ProjectConfigurationPlatforms) = postSolution
		{F4297839-506F-4119-AB32-EF0757E4950D}.Debug|Any CPU.ActiveCfg = Debug|Any CPU
		{F4297839-506F-4119-AB32-EF0757E4950D}.Debug|Any CPU.Build.0 = Debug|Any CPU
		{F4297839-506F-4119-AB32-EF0757E4950D}.Release|Any CPU.ActiveCfg = Release|Any CPU
		{F4297839-506F-4119-AB32-EF0757E4950D}.Release|Any CPU.Build.0 = Release|Any CPU
		{674E5924-23CC-4027-9E13-3311C92A919A}.Debug|Any CPU.ActiveCfg = Debug|Any CPU
		{674E5924-23CC-4027-9E13-3311C92A919A}.Debug|Any CPU.Build.0 = Debug|Any CPU
		{674E5924-23CC-4027-9E13-3311C92A919A}.Release|Any CPU.ActiveCfg = Release|Any CPU
		{674E5924-23CC-4027-9E13-3311C92A919A}.Release|Any CPU.Build.0 = Release|Any CPU
	EndGlobalSection
	GlobalSection(SolutionProperties) = preSolution
		HideSolutionNode = FALSE
	EndGlobalSection
EndGlobal
